github.com/rabbitmq/amqp091-go v1.3.0 h1:A/QuHiNw7LMCJsxx9iZn5lrIz6OrhIn7Dfk5/1YatWM=
github.com/rabbitmq/amqp091-go v1.3.0/go.mod h1:ogQDLSOACsLPsIq0NpbtiifNZi2YOz0VTJ0kHRghqbM=
github.com/rabbitmq/amqp091-go v1.3.2 h1:zezKg1S58+q/9Ej7DIqFL6TP6NGMyGPb4ykEm4n94cY=
github.com/rabbitmq/amqp091-go v1.3.2/go.mod h1:ogQDLSOACsLPsIq0NpbtiifNZi2YOz0VTJ0kHRghqbM=
